# THIS IS AN AUTOGENERATED FILE. DO NOT EDIT THIS FILE DIRECTLY.
# yarn lockfile v1


workerpool@^5.0.0:
  version "5.0.0"
  resolved "https://registry.yarnpkg.com/workerpool/-/workerpool-5.0.0.tgz#5f6e882999172c4ed0acd09c3e25cc8f4516f30c"
  integrity sha512-QGsdq7Bv7JBvJW5ngNB9dR8hu8T2Jd38blVKINdehHlipR1WUajiLNFBtSBC2R3zlCnTpNM1Q0o3ssnfcQt48w==
