# THIS IS AN AUTOGENERATED FILE. DO NOT EDIT THIS FILE DIRECTLY.
# yarn lockfile v1


"@types/node@^12.7.7":
  version "12.7.7"
  resolved "https://registry.yarnpkg.com/@types/node/-/node-12.7.7.tgz#f9bd8c00fa9e1a8129af910fc829f6139c397d6c"
  integrity sha512-4jUncNe2tj1nmrO/34PsRpZqYVnRV1svbU78cKhuQKkMntKB/AmdLyGgswcZKjFHEHGpiY8pVD8CuVI55nP54w==

workerpool@^5.0.0:
  version "5.0.0"
  resolved "https://registry.yarnpkg.com/workerpool/-/workerpool-5.0.0.tgz#5f6e882999172c4ed0acd09c3e25cc8f4516f30c"
  integrity sha512-QGsdq7Bv7JBvJW5ngNB9dR8hu8T2Jd38blVKINdehHlipR1WUajiLNFBtSBC2R3zlCnTpNM1Q0o3ssnfcQt48w==
